
Microsoft Visual Studio Solution File, Format Version 12.00
# Visual Studio 15
VisualStudioVersion = 15.0.27130.2036
MinimumVisualStudioVersion = 10.0.40219.1
Project("{FAE04EC0-301F-11D3-BF4B-00C04F79EFBC}") = "Skein", "ConsoleApp1\Skein.csproj", "{4F3F2D9D-261C-448A-B08A-7684E333BD3C}"
EndProject
Global
	GlobalSection(SolutionConfigurationPlatforms) = preSolution
		Debug|Any CPU = Debug|Any CPU
		Release|Any CPU = Release|Any CPU
	EndGlobalSection
	GlobalSection(ProjectConfigurationPlatforms) = postSolution
		{4F3F2D9D-261C-448A-B08A-7684E333BD3C}.Debug|Any CPU.ActiveCfg = Debug|Any CPU
		{4F3F2D9D-261C-448A-B08A-7684E333BD3C}.Debug|Any CPU.Build.0 = Debug|Any CPU
		{4F3F2D9D-261C-448A-B08A-7684E333BD3C}.Release|Any CPU.ActiveCfg = Release|Any CPU
		{4F3F2D9D-261C-448A-B08A-7684E333BD3C}.Release|Any CPU.Build.0 = Release|Any CPU
	EndGlobalSection
	GlobalSection(SolutionProperties) = preSolution
		HideSolutionNode = FALSE
	EndGlobalSection
	GlobalSection(ExtensibilityGlobals) = postSolution
		SolutionGuid = {8C703E3F-0060-4E21-AFC5-86414E93359C}
	EndGlobalSection
EndGlobal
